
Microsoft Visual Studio Solution File, Format Version 12.00
# Visual Studio 15
VisualStudioVersion = 15.0.27703.2026
MinimumVisualStudioVersion = 10.0.40219.1
Project("{FAE04EC0-301F-11D3-BF4B-00C04F79EFBC}") = "RvcCore", "RvcCore\RvcCore.csproj", "{B5175348-FD66-4493-8189-7CF836E581C8}"
EndProject
Project("{FAE04EC0-301F-11D3-BF4B-00C04F79EFBC}") = "RvcTestApp", "RvcTestApp\RvcTestApp.csproj", "{68FCD364-130E-4763-B0AA-8E3986C23A98}"
EndProject
Global
	GlobalSection(SolutionConfigurationPlatforms) = preSolution
		Debug|Any CPU = Debug|Any CPU
		Release|Any CPU = Release|Any CPU
	EndGlobalSection
	GlobalSection(ProjectConfigurationPlatforms) = postSolution
		{B5175348-FD66-4493-8189-7CF836E581C8}.Debug|Any CPU.ActiveCfg = Debug|Any CPU
		{B5175348-FD66-4493-8189-7CF836E581C8}.Debug|Any CPU.Build.0 = Debug|Any CPU
		{B5175348-FD66-4493-8189-7CF836E581C8}.Release|Any CPU.ActiveCfg = Release|Any CPU
		{B5175348-FD66-4493-8189-7CF836E581C8}.Release|Any CPU.Build.0 = Release|Any CPU
		{68FCD364-130E-4763-B0AA-8E3986C23A98}.Debug|Any CPU.ActiveCfg = Debug|Any CPU
		{68FCD364-130E-4763-B0AA-8E3986C23A98}.Debug|Any CPU.Build.0 = Debug|Any CPU
		{68FCD364-130E-4763-B0AA-8E3986C23A98}.Release|Any CPU.ActiveCfg = Release|Any CPU
		{68FCD364-130E-4763-B0AA-8E3986C23A98}.Release|Any CPU.Build.0 = Release|Any CPU
	EndGlobalSection
	GlobalSection(SolutionProperties) = preSolution
		HideSolutionNode = FALSE
	EndGlobalSection
	GlobalSection(ExtensibilityGlobals) = postSolution
		SolutionGuid = {8DA81D99-1530-4B56-8A26-0BE2CA8F8E59}
	EndGlobalSection
EndGlobal
